
Microsoft Visual Studio Solution File, Format Version 12.00
Project("{FAE04EC0-301F-11D3-BF4B-00C04F79EFBC}") = "WebApi", "WebApi\WebApi.csproj", "{616BA35D-D8F7-413A-B219-91CC409937FA}"
EndProject
Project("{FAE04EC0-301F-11D3-BF4B-00C04F79EFBC}") = "Models", "Models\Models.csproj", "{D6ECDCD8-8327-40CE-BD49-2436E640520A}"
EndProject
Project("{FAE04EC0-301F-11D3-BF4B-00C04F79EFBC}") = "Migrations", "Migrations\Migrations.csproj", "{AEE64820-028C-4C82-92A3-A6EE423913AD}"
EndProject
Project("{2150E333-8FDC-42A3-9474-1A3956D46DE8}") = "Solution Items", "Solution Items", "{E37C3C6B-AE29-46F8-861E-BD309BD66F96}"
	ProjectSection(SolutionItems) = preProject
		compose.yaml = compose.yaml
		postgresql.conf = postgresql.conf
	EndProjectSection
EndProject
Project("{FAE04EC0-301F-11D3-BF4B-00C04F79EFBC}") = "Common", "Common\Common.csproj", "{553305AC-3858-4106-9069-9ACB9C1FE952}"
	ProjectSection(ProjectDependencies) = postProject
		{D6ECDCD8-8327-40CE-BD49-2436E640520A} = {D6ECDCD8-8327-40CE-BD49-2436E640520A}
	EndProjectSection
EndProject
Project("{FAE04EC0-301F-11D3-BF4B-00C04F79EFBC}") = "Messages", "Messages\Messages.csproj", "{6EA8D78D-1EAB-47F5-B06B-940C52EB8FB2}"
EndProject
Project("{FAE04EC0-301F-11D3-BF4B-00C04F79EFBC}") = "Consumer", "Consumer\Consumer.csproj", "{77EF447A-43A4-436F-A7DC-88A4DC3733A3}"
EndProject
Global
	GlobalSection(SolutionConfigurationPlatforms) = preSolution
		Debug|Any CPU = Debug|Any CPU
		Release|Any CPU = Release|Any CPU
	EndGlobalSection
	GlobalSection(ProjectConfigurationPlatforms) = postSolution
		{616BA35D-D8F7-413A-B219-91CC409937FA}.Debug|Any CPU.ActiveCfg = Debug|Any CPU
		{616BA35D-D8F7-413A-B219-91CC409937FA}.Debug|Any CPU.Build.0 = Debug|Any CPU
		{616BA35D-D8F7-413A-B219-91CC409937FA}.Release|Any CPU.ActiveCfg = Release|Any CPU
		{616BA35D-D8F7-413A-B219-91CC409937FA}.Release|Any CPU.Build.0 = Release|Any CPU
		{D6ECDCD8-8327-40CE-BD49-2436E640520A}.Debug|Any CPU.ActiveCfg = Debug|Any CPU
		{D6ECDCD8-8327-40CE-BD49-2436E640520A}.Debug|Any CPU.Build.0 = Debug|Any CPU
		{D6ECDCD8-8327-40CE-BD49-2436E640520A}.Release|Any CPU.ActiveCfg = Release|Any CPU
		{D6ECDCD8-8327-40CE-BD49-2436E640520A}.Release|Any CPU.Build.0 = Release|Any CPU
		{AEE64820-028C-4C82-92A3-A6EE423913AD}.Debug|Any CPU.ActiveCfg = Debug|Any CPU
		{AEE64820-028C-4C82-92A3-A6EE423913AD}.Debug|Any CPU.Build.0 = Debug|Any CPU
		{AEE64820-028C-4C82-92A3-A6EE423913AD}.Release|Any CPU.ActiveCfg = Release|Any CPU
		{AEE64820-028C-4C82-92A3-A6EE423913AD}.Release|Any CPU.Build.0 = Release|Any CPU
		{553305AC-3858-4106-9069-9ACB9C1FE952}.Debug|Any CPU.ActiveCfg = Debug|Any CPU
		{553305AC-3858-4106-9069-9ACB9C1FE952}.Debug|Any CPU.Build.0 = Debug|Any CPU
		{553305AC-3858-4106-9069-9ACB9C1FE952}.Release|Any CPU.ActiveCfg = Release|Any CPU
		{553305AC-3858-4106-9069-9ACB9C1FE952}.Release|Any CPU.Build.0 = Release|Any CPU
		{6EA8D78D-1EAB-47F5-B06B-940C52EB8FB2}.Debug|Any CPU.ActiveCfg = Debug|Any CPU
		{6EA8D78D-1EAB-47F5-B06B-940C52EB8FB2}.Debug|Any CPU.Build.0 = Debug|Any CPU
		{6EA8D78D-1EAB-47F5-B06B-940C52EB8FB2}.Release|Any CPU.ActiveCfg = Release|Any CPU
		{6EA8D78D-1EAB-47F5-B06B-940C52EB8FB2}.Release|Any CPU.Build.0 = Release|Any CPU
		{77EF447A-43A4-436F-A7DC-88A4DC3733A3}.Debug|Any CPU.ActiveCfg = Debug|Any CPU
		{77EF447A-43A4-436F-A7DC-88A4DC3733A3}.Debug|Any CPU.Build.0 = Debug|Any CPU
		{77EF447A-43A4-436F-A7DC-88A4DC3733A3}.Release|Any CPU.ActiveCfg = Release|Any CPU
		{77EF447A-43A4-436F-A7DC-88A4DC3733A3}.Release|Any CPU.Build.0 = Release|Any CPU
	EndGlobalSection
EndGlobal
